
Microsoft Visual Studio Solution File, Format Version 12.00
# Visual Studio 14
VisualStudioVersion = 14.0.25420.1
MinimumVisualStudioVersion = 10.0.40219.1
Project("{2150E333-8FDC-42A3-9474-1A3956D46DE8}") = "Libs", "Libs", "{08EA6D5C-AA56-40C8-890C-A5948A5B65BE}"
	ProjectSection(SolutionItems) = preProject
		Libs\Com.QfGame.CommonUser.dll = Libs\Com.QfGame.CommonUser.dll
		Libs\Com.QfGame.Sso.dll = Libs\Com.QfGame.Sso.dll
		Libs\Com.Sanguo2.PayDLL.dll = Libs\Com.Sanguo2.PayDLL.dll
		Libs\Com.Sanguo2.PayDLL.xml = Libs\Com.Sanguo2.PayDLL.xml
		Libs\DFSAppSrv.dll = Libs\DFSAppSrv.dll
		Libs\GWS.dll = Libs\GWS.dll
		Libs\log4net.dll = Libs\log4net.dll
		Libs\omas.dll = Libs\omas.dll
		Libs\OmasForCSharp.dll = Libs\OmasForCSharp.dll
		Libs\SafeDBDC.dll = Libs\SafeDBDC.dll
		Libs\SafeDBDCForCSharp.dll = Libs\SafeDBDCForCSharp.dll
		Libs\ServiceStack.Text.dll = Libs\ServiceStack.Text.dll
		Libs\System.Web.Optimization.dll = Libs\System.Web.Optimization.dll
		Libs\WebApiCommonClient.dll = Libs\WebApiCommonClient.dll
	EndProjectSection
EndProject
Project("{FAE04EC0-301F-11D3-BF4B-00C04F79EFBC}") = "MvcApplication1", "MvcApplication1\MvcApplication1.csproj", "{3D85E810-9B91-44E1-A390-1F6B9BD587DF}"
EndProject
Project("{FAE04EC0-301F-11D3-BF4B-00C04F79EFBC}") = "Sodexo.SocketServer", "..\..\Sodexho\Spider\Trunk\Sodexo.SocketServer\Sodexo.SocketServer.csproj", "{9E436795-E5D3-4BD0-8CB1-9F82F8A308E0}"
EndProject
Project("{00D1A9C2-B5F0-4AF3-8072-F6C62B433612}") = "TestDatabase", "TestDatabase\TestDatabase.sqlproj", "{CAC89DBA-44CF-4342-9426-BEE2578628B6}"
EndProject
Project("{FAE04EC0-301F-11D3-BF4B-00C04F79EFBC}") = "PipServerApp", "PipServerApp\PipServerApp.csproj", "{C2EC729F-C167-42EB-8311-1251E9AAE456}"
EndProject
Project("{FAE04EC0-301F-11D3-BF4B-00C04F79EFBC}") = "PipeClientApp", "PipeClientApp\PipeClientApp.csproj", "{FDFC3068-4268-4B73-A99C-D077D60F5B59}"
EndProject
Project("{FAE04EC0-301F-11D3-BF4B-00C04F79EFBC}") = "TestModel", "TestModel\TestModel.csproj", "{E5FC68B7-53CD-4E9A-89AC-9AAC27984805}"
EndProject
Project("{FAE04EC0-301F-11D3-BF4B-00C04F79EFBC}") = "TestType", "TestType\TestType.csproj", "{15D56C18-0088-4A06-BE34-5D3389A48055}"
EndProject
Project("{FAE04EC0-301F-11D3-BF4B-00C04F79EFBC}") = "Benlai.Zookeeper", "Benlai.Zookeeper\Benlai.Zookeeper.csproj", "{FBD5D58C-3CCC-4D17-80EF-EF741EF1F42C}"
EndProject
Project("{FAE04EC0-301F-11D3-BF4B-00C04F79EFBC}") = "TestZookeeper", "TestZookeeper\TestZookeeper.csproj", "{0127F479-A407-45E0-929D-4F01C599C9B3}"
EndProject
Project("{FAE04EC0-301F-11D3-BF4B-00C04F79EFBC}") = "DemoService", "DemoService\DemoService.csproj", "{7EB18F75-7FA3-4C06-99B9-18A1AB5B14BF}"
EndProject
Project("{FAE04EC0-301F-11D3-BF4B-00C04F79EFBC}") = "CheckDemoService", "CheckDemoService\CheckDemoService.csproj", "{C36630A5-1864-41E5-B8BE-BBCC70BAC1E0}"
EndProject
Project("{2150E333-8FDC-42A3-9474-1A3956D46DE8}") = "ServiceStatusCheck", "ServiceStatusCheck", "{328E5175-58E5-47D5-8AE0-CEA45A9EFA3F}"
EndProject
Project("{2150E333-8FDC-42A3-9474-1A3956D46DE8}") = "Zookeeper", "Zookeeper", "{B57F5842-6D17-4418-BA10-3A7580CB4195}"
EndProject
Project("{FAE04EC0-301F-11D3-BF4B-00C04F79EFBC}") = "ConsoleTest", "ConsoleTest\ConsoleTest.csproj", "{88F4B5E0-DC84-4EC7-8B9C-9B69585ED178}"
EndProject
Project("{2150E333-8FDC-42A3-9474-1A3956D46DE8}") = "InterprocessCommunication", "InterprocessCommunication", "{7164A484-364B-4182-A47A-59480059509D}"
EndProject
Project("{FAE04EC0-301F-11D3-BF4B-00C04F79EFBC}") = "Send", "Send\Send.csproj", "{F1B31FE1-605D-414B-9E3E-6739F0D9B842}"
EndProject
Project("{FAE04EC0-301F-11D3-BF4B-00C04F79EFBC}") = "Receive", "Receive\Receive.csproj", "{5F342F74-7C7B-456B-A17A-4875CCB67FAD}"
EndProject
Project("{FAE04EC0-301F-11D3-BF4B-00C04F79EFBC}") = "OpenOtherExe", "OpenOtherExe\OpenOtherExe.csproj", "{4F777BD9-18FB-4E01-A4F3-4B3C39574B56}"
EndProject
Project("{2150E333-8FDC-42A3-9474-1A3956D46DE8}") = "AutoDeployDemo", "AutoDeployDemo", "{B22BBB37-D5B3-4699-A54F-21865BA41378}"
EndProject
Project("{FAE04EC0-301F-11D3-BF4B-00C04F79EFBC}") = "TestWinService", "TestWinService\TestWinService.csproj", "{185998CB-8B4A-48F9-AFE6-895E726E3191}"
EndProject
Project("{FAE04EC0-301F-11D3-BF4B-00C04F79EFBC}") = "AutoDeployConsole", "AutoDeployConsole\AutoDeployConsole.csproj", "{05D09B2D-5152-486E-AC22-3898458F901B}"
EndProject
Project("{FAE04EC0-301F-11D3-BF4B-00C04F79EFBC}") = "AutoDeployCommon", "AutoDeployCommon\AutoDeployCommon.csproj", "{8B319B9C-F96E-4E39-992F-009D1A019A14}"
EndProject
Project("{FAE04EC0-301F-11D3-BF4B-00C04F79EFBC}") = "CLR", "CLR\CLR.csproj", "{D5CB8F9B-589B-40F0-A113-4348F9A8892B}"
EndProject
Project("{2150E333-8FDC-42A3-9474-1A3956D46DE8}") = "Pipe", "Pipe", "{57619618-2CFC-4395-944E-7117CC2468C1}"
EndProject
Project("{2150E333-8FDC-42A3-9474-1A3956D46DE8}") = "Adam", "Adam", "{E25CA09E-68D6-41E2-BF61-6FE2A203EB87}"
EndProject
Project("{FAE04EC0-301F-11D3-BF4B-00C04F79EFBC}") = "ConsoleDns", "ConsoleDns\ConsoleDns.csproj", "{5F255B6D-EECD-4E2E-8767-1155954FAF0D}"
EndProject
Project("{FAE04EC0-301F-11D3-BF4B-00C04F79EFBC}") = "ConsoleJenkins", "ConsoleJenkins\ConsoleJenkins.csproj", "{6D496EA1-5774-4086-9324-09B70DFB5A67}"
EndProject
Project("{FAE04EC0-301F-11D3-BF4B-00C04F79EFBC}") = "ConsoleFileCompare", "ConsoleFileCompare\ConsoleFileCompare.csproj", "{DE7E857C-952C-4ADD-B360-633C708CC85C}"
EndProject
Project("{FAE04EC0-301F-11D3-BF4B-00C04F79EFBC}") = "AdamTool", "AdamTool\AdamTool.csproj", "{FE144E89-F6A3-4447-953F-3DE89B421F23}"
EndProject
Project("{FAE04EC0-301F-11D3-BF4B-00C04F79EFBC}") = "TestAcquireLock", "TestAcquireLock\TestAcquireLock.csproj", "{CB4373FC-C857-4F47-A9FE-4FE6E7DE2B72}"
EndProject
Project("{FAE04EC0-301F-11D3-BF4B-00C04F79EFBC}") = "XmlTool", "XmlTool\XmlTool.csproj", "{E4C1748C-4222-49D9-BCB4-4678AA649D4B}"
EndProject
Project("{00D1A9C2-B5F0-4AF3-8072-F6C62B433612}") = "BenblaiEsbMonitor", "BenblaiEsbMonitor\BenblaiEsbMonitor.sqlproj", "{597F1758-F71E-4534-A023-0AC381A5F16E}"
EndProject
Project("{FAE04EC0-301F-11D3-BF4B-00C04F79EFBC}") = "BaseController从入门到放弃的奔溃历程", "BaseController从入门到放弃的奔溃历程\BaseController从入门到放弃的奔溃历程.csproj", "{4B6F04B8-59DE-45ED-A0D5-80323C2599FC}"
EndProject
Project("{FAE04EC0-301F-11D3-BF4B-00C04F79EFBC}") = "NugetPublishExtTool", "NugetPublishExtTool\NugetPublishExtTool.csproj", "{4E0E95EA-2934-4A03-B82F-C2755B453F04}"
EndProject
Project("{2150E333-8FDC-42A3-9474-1A3956D46DE8}") = "AutoMapper", "AutoMapper", "{C65A2113-C720-4BD7-A4C5-993BCF7A45D0}"
EndProject
Project("{FAE04EC0-301F-11D3-BF4B-00C04F79EFBC}") = "AutoMapperTest12", "AutoMapperTest\AutoMapperTest12.csproj", "{EBC6723C-4295-4816-8A9B-AE64C9B167C9}"
EndProject
Project("{FAE04EC0-301F-11D3-BF4B-00C04F79EFBC}") = "FileSplitDemo", "FileSplitDemo\FileSplitDemo.csproj", "{99946DA8-237F-4D18-979E-99BC3574F34C}"
EndProject
Project("{FAE04EC0-301F-11D3-BF4B-00C04F79EFBC}") = "NetCoreTest", "NetCoreTest\NetCoreTest.csproj", "{8B3C0B4C-201B-436C-AD52-99967595D2E2}"
EndProject
Project("{FAE04EC0-301F-11D3-BF4B-00C04F79EFBC}") = "RedisTest", "RedisTest\RedisTest.csproj", "{82B9E9DF-F398-4019-BEE4-B53899FA63DC}"
EndProject
Project("{FAE04EC0-301F-11D3-BF4B-00C04F79EFBC}") = "TestTask", "TestTask\TestTask.csproj", "{5FCD8CD2-2FDC-4D4C-8775-B9144762C421}"
EndProject
Project("{FAE04EC0-301F-11D3-BF4B-00C04F79EFBC}") = "ConsoleTaskPool", "ConsoleTaskPool\ConsoleTaskPool.csproj", "{BB765C1C-A86C-406B-83B7-2CA8B3C45636}"
EndProject
Global
	GlobalSection(SolutionConfigurationPlatforms) = preSolution
		Debug|Any CPU = Debug|Any CPU
		Release|Any CPU = Release|Any CPU
	EndGlobalSection
	GlobalSection(ProjectConfigurationPlatforms) = postSolution
		{3D85E810-9B91-44E1-A390-1F6B9BD587DF}.Debug|Any CPU.ActiveCfg = Debug|Any CPU
		{3D85E810-9B91-44E1-A390-1F6B9BD587DF}.Debug|Any CPU.Build.0 = Debug|Any CPU
		{3D85E810-9B91-44E1-A390-1F6B9BD587DF}.Release|Any CPU.ActiveCfg = Release|Any CPU
		{3D85E810-9B91-44E1-A390-1F6B9BD587DF}.Release|Any CPU.Build.0 = Release|Any CPU
		{9E436795-E5D3-4BD0-8CB1-9F82F8A308E0}.Debug|Any CPU.ActiveCfg = Debug|Any CPU
		{9E436795-E5D3-4BD0-8CB1-9F82F8A308E0}.Debug|Any CPU.Build.0 = Debug|Any CPU
		{9E436795-E5D3-4BD0-8CB1-9F82F8A308E0}.Release|Any CPU.ActiveCfg = Release|Any CPU
		{9E436795-E5D3-4BD0-8CB1-9F82F8A308E0}.Release|Any CPU.Build.0 = Release|Any CPU
		{CAC89DBA-44CF-4342-9426-BEE2578628B6}.Debug|Any CPU.ActiveCfg = Debug|Any CPU
		{CAC89DBA-44CF-4342-9426-BEE2578628B6}.Debug|Any CPU.Build.0 = Debug|Any CPU
		{CAC89DBA-44CF-4342-9426-BEE2578628B6}.Debug|Any CPU.Deploy.0 = Debug|Any CPU
		{CAC89DBA-44CF-4342-9426-BEE2578628B6}.Release|Any CPU.ActiveCfg = Release|Any CPU
		{CAC89DBA-44CF-4342-9426-BEE2578628B6}.Release|Any CPU.Build.0 = Release|Any CPU
		{CAC89DBA-44CF-4342-9426-BEE2578628B6}.Release|Any CPU.Deploy.0 = Release|Any CPU
		{C2EC729F-C167-42EB-8311-1251E9AAE456}.Debug|Any CPU.ActiveCfg = Debug|Any CPU
		{C2EC729F-C167-42EB-8311-1251E9AAE456}.Debug|Any CPU.Build.0 = Debug|Any CPU
		{C2EC729F-C167-42EB-8311-1251E9AAE456}.Release|Any CPU.ActiveCfg = Release|Any CPU
		{C2EC729F-C167-42EB-8311-1251E9AAE456}.Release|Any CPU.Build.0 = Release|Any CPU
		{FDFC3068-4268-4B73-A99C-D077D60F5B59}.Debug|Any CPU.ActiveCfg = Debug|Any CPU
		{FDFC3068-4268-4B73-A99C-D077D60F5B59}.Debug|Any CPU.Build.0 = Debug|Any CPU
		{FDFC3068-4268-4B73-A99C-D077D60F5B59}.Release|Any CPU.ActiveCfg = Release|Any CPU
		{FDFC3068-4268-4B73-A99C-D077D60F5B59}.Release|Any CPU.Build.0 = Release|Any CPU
		{E5FC68B7-53CD-4E9A-89AC-9AAC27984805}.Debug|Any CPU.ActiveCfg = Debug|Any CPU
		{E5FC68B7-53CD-4E9A-89AC-9AAC27984805}.Debug|Any CPU.Build.0 = Debug|Any CPU
		{E5FC68B7-53CD-4E9A-89AC-9AAC27984805}.Release|Any CPU.ActiveCfg = Release|Any CPU
		{E5FC68B7-53CD-4E9A-89AC-9AAC27984805}.Release|Any CPU.Build.0 = Release|Any CPU
		{15D56C18-0088-4A06-BE34-5D3389A48055}.Debug|Any CPU.ActiveCfg = Debug|Any CPU
		{15D56C18-0088-4A06-BE34-5D3389A48055}.Debug|Any CPU.Build.0 = Debug|Any CPU
		{15D56C18-0088-4A06-BE34-5D3389A48055}.Release|Any CPU.ActiveCfg = Release|Any CPU
		{15D56C18-0088-4A06-BE34-5D3389A48055}.Release|Any CPU.Build.0 = Release|Any CPU
		{FBD5D58C-3CCC-4D17-80EF-EF741EF1F42C}.Debug|Any CPU.ActiveCfg = Debug|Any CPU
		{FBD5D58C-3CCC-4D17-80EF-EF741EF1F42C}.Debug|Any CPU.Build.0 = Debug|Any CPU
		{FBD5D58C-3CCC-4D17-80EF-EF741EF1F42C}.Release|Any CPU.ActiveCfg = Release|Any CPU
		{FBD5D58C-3CCC-4D17-80EF-EF741EF1F42C}.Release|Any CPU.Build.0 = Release|Any CPU
		{0127F479-A407-45E0-929D-4F01C599C9B3}.Debug|Any CPU.ActiveCfg = Debug|Any CPU
		{0127F479-A407-45E0-929D-4F01C599C9B3}.Debug|Any CPU.Build.0 = Debug|Any CPU
		{0127F479-A407-45E0-929D-4F01C599C9B3}.Release|Any CPU.ActiveCfg = Release|Any CPU
		{0127F479-A407-45E0-929D-4F01C599C9B3}.Release|Any CPU.Build.0 = Release|Any CPU
		{7EB18F75-7FA3-4C06-99B9-18A1AB5B14BF}.Debug|Any CPU.ActiveCfg = Debug|Any CPU
		{7EB18F75-7FA3-4C06-99B9-18A1AB5B14BF}.Debug|Any CPU.Build.0 = Debug|Any CPU
		{7EB18F75-7FA3-4C06-99B9-18A1AB5B14BF}.Release|Any CPU.ActiveCfg = Release|Any CPU
		{7EB18F75-7FA3-4C06-99B9-18A1AB5B14BF}.Release|Any CPU.Build.0 = Release|Any CPU
		{C36630A5-1864-41E5-B8BE-BBCC70BAC1E0}.Debug|Any CPU.ActiveCfg = Debug|Any CPU
		{C36630A5-1864-41E5-B8BE-BBCC70BAC1E0}.Debug|Any CPU.Build.0 = Debug|Any CPU
		{C36630A5-1864-41E5-B8BE-BBCC70BAC1E0}.Release|Any CPU.ActiveCfg = Release|Any CPU
		{C36630A5-1864-41E5-B8BE-BBCC70BAC1E0}.Release|Any CPU.Build.0 = Release|Any CPU
		{88F4B5E0-DC84-4EC7-8B9C-9B69585ED178}.Debug|Any CPU.ActiveCfg = Debug|Any CPU
		{88F4B5E0-DC84-4EC7-8B9C-9B69585ED178}.Debug|Any CPU.Build.0 = Debug|Any CPU
		{88F4B5E0-DC84-4EC7-8B9C-9B69585ED178}.Release|Any CPU.ActiveCfg = Release|Any CPU
		{88F4B5E0-DC84-4EC7-8B9C-9B69585ED178}.Release|Any CPU.Build.0 = Release|Any CPU
		{F1B31FE1-605D-414B-9E3E-6739F0D9B842}.Debug|Any CPU.ActiveCfg = Debug|Any CPU
		{F1B31FE1-605D-414B-9E3E-6739F0D9B842}.Debug|Any CPU.Build.0 = Debug|Any CPU
		{F1B31FE1-605D-414B-9E3E-6739F0D9B842}.Release|Any CPU.ActiveCfg = Release|Any CPU
		{F1B31FE1-605D-414B-9E3E-6739F0D9B842}.Release|Any CPU.Build.0 = Release|Any CPU
		{5F342F74-7C7B-456B-A17A-4875CCB67FAD}.Debug|Any CPU.ActiveCfg = Debug|Any CPU
		{5F342F74-7C7B-456B-A17A-4875CCB67FAD}.Debug|Any CPU.Build.0 = Debug|Any CPU
		{5F342F74-7C7B-456B-A17A-4875CCB67FAD}.Release|Any CPU.ActiveCfg = Release|Any CPU
		{5F342F74-7C7B-456B-A17A-4875CCB67FAD}.Release|Any CPU.Build.0 = Release|Any CPU
		{4F777BD9-18FB-4E01-A4F3-4B3C39574B56}.Debug|Any CPU.ActiveCfg = Debug|Any CPU
		{4F777BD9-18FB-4E01-A4F3-4B3C39574B56}.Debug|Any CPU.Build.0 = Debug|Any CPU
		{4F777BD9-18FB-4E01-A4F3-4B3C39574B56}.Release|Any CPU.ActiveCfg = Release|Any CPU
		{4F777BD9-18FB-4E01-A4F3-4B3C39574B56}.Release|Any CPU.Build.0 = Release|Any CPU
		{185998CB-8B4A-48F9-AFE6-895E726E3191}.Debug|Any CPU.ActiveCfg = Debug|Any CPU
		{185998CB-8B4A-48F9-AFE6-895E726E3191}.Debug|Any CPU.Build.0 = Debug|Any CPU
		{185998CB-8B4A-48F9-AFE6-895E726E3191}.Release|Any CPU.ActiveCfg = Release|Any CPU
		{185998CB-8B4A-48F9-AFE6-895E726E3191}.Release|Any CPU.Build.0 = Release|Any CPU
		{05D09B2D-5152-486E-AC22-3898458F901B}.Debug|Any CPU.ActiveCfg = Debug|Any CPU
		{05D09B2D-5152-486E-AC22-3898458F901B}.Debug|Any CPU.Build.0 = Debug|Any CPU
		{05D09B2D-5152-486E-AC22-3898458F901B}.Release|Any CPU.ActiveCfg = Release|Any CPU
		{05D09B2D-5152-486E-AC22-3898458F901B}.Release|Any CPU.Build.0 = Release|Any CPU
		{8B319B9C-F96E-4E39-992F-009D1A019A14}.Debug|Any CPU.ActiveCfg = Debug|Any CPU
		{8B319B9C-F96E-4E39-992F-009D1A019A14}.Debug|Any CPU.Build.0 = Debug|Any CPU
		{8B319B9C-F96E-4E39-992F-009D1A019A14}.Release|Any CPU.ActiveCfg = Release|Any CPU
		{8B319B9C-F96E-4E39-992F-009D1A019A14}.Release|Any CPU.Build.0 = Release|Any CPU
		{D5CB8F9B-589B-40F0-A113-4348F9A8892B}.Debug|Any CPU.ActiveCfg = Debug|Any CPU
		{D5CB8F9B-589B-40F0-A113-4348F9A8892B}.Debug|Any CPU.Build.0 = Debug|Any CPU
		{D5CB8F9B-589B-40F0-A113-4348F9A8892B}.Release|Any CPU.ActiveCfg = Release|Any CPU
		{D5CB8F9B-589B-40F0-A113-4348F9A8892B}.Release|Any CPU.Build.0 = Release|Any CPU
		{5F255B6D-EECD-4E2E-8767-1155954FAF0D}.Debug|Any CPU.ActiveCfg = Debug|Any CPU
		{5F255B6D-EECD-4E2E-8767-1155954FAF0D}.Debug|Any CPU.Build.0 = Debug|Any CPU
		{5F255B6D-EECD-4E2E-8767-1155954FAF0D}.Release|Any CPU.ActiveCfg = Release|Any CPU
		{5F255B6D-EECD-4E2E-8767-1155954FAF0D}.Release|Any CPU.Build.0 = Release|Any CPU
		{6D496EA1-5774-4086-9324-09B70DFB5A67}.Debug|Any CPU.ActiveCfg = Debug|Any CPU
		{6D496EA1-5774-4086-9324-09B70DFB5A67}.Debug|Any CPU.Build.0 = Debug|Any CPU
		{6D496EA1-5774-4086-9324-09B70DFB5A67}.Release|Any CPU.ActiveCfg = Release|Any CPU
		{6D496EA1-5774-4086-9324-09B70DFB5A67}.Release|Any CPU.Build.0 = Release|Any CPU
		{DE7E857C-952C-4ADD-B360-633C708CC85C}.Debug|Any CPU.ActiveCfg = Debug|Any CPU
		{DE7E857C-952C-4ADD-B360-633C708CC85C}.Debug|Any CPU.Build.0 = Debug|Any CPU
		{DE7E857C-952C-4ADD-B360-633C708CC85C}.Release|Any CPU.ActiveCfg = Release|Any CPU
		{DE7E857C-952C-4ADD-B360-633C708CC85C}.Release|Any CPU.Build.0 = Release|Any CPU
		{FE144E89-F6A3-4447-953F-3DE89B421F23}.Debug|Any CPU.ActiveCfg = Debug|Any CPU
		{FE144E89-F6A3-4447-953F-3DE89B421F23}.Debug|Any CPU.Build.0 = Debug|Any CPU
		{FE144E89-F6A3-4447-953F-3DE89B421F23}.Release|Any CPU.ActiveCfg = Release|Any CPU
		{FE144E89-F6A3-4447-953F-3DE89B421F23}.Release|Any CPU.Build.0 = Release|Any CPU
		{CB4373FC-C857-4F47-A9FE-4FE6E7DE2B72}.Debug|Any CPU.ActiveCfg = Debug|Any CPU
		{CB4373FC-C857-4F47-A9FE-4FE6E7DE2B72}.Debug|Any CPU.Build.0 = Debug|Any CPU
		{CB4373FC-C857-4F47-A9FE-4FE6E7DE2B72}.Release|Any CPU.ActiveCfg = Release|Any CPU
		{CB4373FC-C857-4F47-A9FE-4FE6E7DE2B72}.Release|Any CPU.Build.0 = Release|Any CPU
		{E4C1748C-4222-49D9-BCB4-4678AA649D4B}.Debug|Any CPU.ActiveCfg = Debug|Any CPU
		{E4C1748C-4222-49D9-BCB4-4678AA649D4B}.Debug|Any CPU.Build.0 = Debug|Any CPU
		{E4C1748C-4222-49D9-BCB4-4678AA649D4B}.Release|Any CPU.ActiveCfg = Release|Any CPU
		{E4C1748C-4222-49D9-BCB4-4678AA649D4B}.Release|Any CPU.Build.0 = Release|Any CPU
		{597F1758-F71E-4534-A023-0AC381A5F16E}.Debug|Any CPU.ActiveCfg = Debug|Any CPU
		{597F1758-F71E-4534-A023-0AC381A5F16E}.Debug|Any CPU.Build.0 = Debug|Any CPU
		{597F1758-F71E-4534-A023-0AC381A5F16E}.Debug|Any CPU.Deploy.0 = Debug|Any CPU
		{597F1758-F71E-4534-A023-0AC381A5F16E}.Release|Any CPU.ActiveCfg = Release|Any CPU
		{597F1758-F71E-4534-A023-0AC381A5F16E}.Release|Any CPU.Build.0 = Release|Any CPU
		{597F1758-F71E-4534-A023-0AC381A5F16E}.Release|Any CPU.Deploy.0 = Release|Any CPU
		{4B6F04B8-59DE-45ED-A0D5-80323C2599FC}.Debug|Any CPU.ActiveCfg = Debug|Any CPU
		{4B6F04B8-59DE-45ED-A0D5-80323C2599FC}.Debug|Any CPU.Build.0 = Debug|Any CPU
		{4B6F04B8-59DE-45ED-A0D5-80323C2599FC}.Release|Any CPU.ActiveCfg = Release|Any CPU
		{4B6F04B8-59DE-45ED-A0D5-80323C2599FC}.Release|Any CPU.Build.0 = Release|Any CPU
		{4E0E95EA-2934-4A03-B82F-C2755B453F04}.Debug|Any CPU.ActiveCfg = Debug|Any CPU
		{4E0E95EA-2934-4A03-B82F-C2755B453F04}.Debug|Any CPU.Build.0 = Debug|Any CPU
		{4E0E95EA-2934-4A03-B82F-C2755B453F04}.Release|Any CPU.ActiveCfg = Release|Any CPU
		{4E0E95EA-2934-4A03-B82F-C2755B453F04}.Release|Any CPU.Build.0 = Release|Any CPU
		{EBC6723C-4295-4816-8A9B-AE64C9B167C9}.Debug|Any CPU.ActiveCfg = Debug|Any CPU
		{EBC6723C-4295-4816-8A9B-AE64C9B167C9}.Debug|Any CPU.Build.0 = Debug|Any CPU
		{EBC6723C-4295-4816-8A9B-AE64C9B167C9}.Release|Any CPU.ActiveCfg = Release|Any CPU
		{EBC6723C-4295-4816-8A9B-AE64C9B167C9}.Release|Any CPU.Build.0 = Release|Any CPU
		{99946DA8-237F-4D18-979E-99BC3574F34C}.Debug|Any CPU.ActiveCfg = Debug|Any CPU
		{99946DA8-237F-4D18-979E-99BC3574F34C}.Debug|Any CPU.Build.0 = Debug|Any CPU
		{99946DA8-237F-4D18-979E-99BC3574F34C}.Release|Any CPU.ActiveCfg = Release|Any CPU
		{99946DA8-237F-4D18-979E-99BC3574F34C}.Release|Any CPU.Build.0 = Release|Any CPU
		{8B3C0B4C-201B-436C-AD52-99967595D2E2}.Debug|Any CPU.ActiveCfg = Debug|Any CPU
		{8B3C0B4C-201B-436C-AD52-99967595D2E2}.Debug|Any CPU.Build.0 = Debug|Any CPU
		{8B3C0B4C-201B-436C-AD52-99967595D2E2}.Release|Any CPU.ActiveCfg = Release|Any CPU
		{8B3C0B4C-201B-436C-AD52-99967595D2E2}.Release|Any CPU.Build.0 = Release|Any CPU
		{82B9E9DF-F398-4019-BEE4-B53899FA63DC}.Debug|Any CPU.ActiveCfg = Debug|Any CPU
		{82B9E9DF-F398-4019-BEE4-B53899FA63DC}.Debug|Any CPU.Build.0 = Debug|Any CPU
		{82B9E9DF-F398-4019-BEE4-B53899FA63DC}.Release|Any CPU.ActiveCfg = Release|Any CPU
		{82B9E9DF-F398-4019-BEE4-B53899FA63DC}.Release|Any CPU.Build.0 = Release|Any CPU
		{5FCD8CD2-2FDC-4D4C-8775-B9144762C421}.Debug|Any CPU.ActiveCfg = Debug|Any CPU
		{5FCD8CD2-2FDC-4D4C-8775-B9144762C421}.Debug|Any CPU.Build.0 = Debug|Any CPU
		{5FCD8CD2-2FDC-4D4C-8775-B9144762C421}.Release|Any CPU.ActiveCfg = Release|Any CPU
		{5FCD8CD2-2FDC-4D4C-8775-B9144762C421}.Release|Any CPU.Build.0 = Release|Any CPU
		{BB765C1C-A86C-406B-83B7-2CA8B3C45636}.Debug|Any CPU.ActiveCfg = Debug|Any CPU
		{BB765C1C-A86C-406B-83B7-2CA8B3C45636}.Debug|Any CPU.Build.0 = Debug|Any CPU
		{BB765C1C-A86C-406B-83B7-2CA8B3C45636}.Release|Any CPU.ActiveCfg = Release|Any CPU
		{BB765C1C-A86C-406B-83B7-2CA8B3C45636}.Release|Any CPU.Build.0 = Release|Any CPU
	EndGlobalSection
	GlobalSection(SolutionProperties) = preSolution
		HideSolutionNode = FALSE
	EndGlobalSection
	GlobalSection(NestedProjects) = preSolution
		{C2EC729F-C167-42EB-8311-1251E9AAE456} = {57619618-2CFC-4395-944E-7117CC2468C1}
		{FDFC3068-4268-4B73-A99C-D077D60F5B59} = {57619618-2CFC-4395-944E-7117CC2468C1}
		{FBD5D58C-3CCC-4D17-80EF-EF741EF1F42C} = {B57F5842-6D17-4418-BA10-3A7580CB4195}
		{0127F479-A407-45E0-929D-4F01C599C9B3} = {B57F5842-6D17-4418-BA10-3A7580CB4195}
		{7EB18F75-7FA3-4C06-99B9-18A1AB5B14BF} = {328E5175-58E5-47D5-8AE0-CEA45A9EFA3F}
		{C36630A5-1864-41E5-B8BE-BBCC70BAC1E0} = {328E5175-58E5-47D5-8AE0-CEA45A9EFA3F}
		{F1B31FE1-605D-414B-9E3E-6739F0D9B842} = {7164A484-364B-4182-A47A-59480059509D}
		{5F342F74-7C7B-456B-A17A-4875CCB67FAD} = {7164A484-364B-4182-A47A-59480059509D}
		{4F777BD9-18FB-4E01-A4F3-4B3C39574B56} = {7164A484-364B-4182-A47A-59480059509D}
		{185998CB-8B4A-48F9-AFE6-895E726E3191} = {B22BBB37-D5B3-4699-A54F-21865BA41378}
		{05D09B2D-5152-486E-AC22-3898458F901B} = {B22BBB37-D5B3-4699-A54F-21865BA41378}
		{8B319B9C-F96E-4E39-992F-009D1A019A14} = {B22BBB37-D5B3-4699-A54F-21865BA41378}
		{5F255B6D-EECD-4E2E-8767-1155954FAF0D} = {E25CA09E-68D6-41E2-BF61-6FE2A203EB87}
		{6D496EA1-5774-4086-9324-09B70DFB5A67} = {E25CA09E-68D6-41E2-BF61-6FE2A203EB87}
		{DE7E857C-952C-4ADD-B360-633C708CC85C} = {E25CA09E-68D6-41E2-BF61-6FE2A203EB87}
		{EBC6723C-4295-4816-8A9B-AE64C9B167C9} = {C65A2113-C720-4BD7-A4C5-993BCF7A45D0}
		{99946DA8-237F-4D18-979E-99BC3574F34C} = {E25CA09E-68D6-41E2-BF61-6FE2A203EB87}
	EndGlobalSection
	GlobalSection(ExtensibilityGlobals) = postSolution
		SolutionGuid = {90A57A41-5F64-4762-B6E1-6F42E3D6FE77}
	EndGlobalSection
EndGlobal
