
Microsoft Visual Studio Solution File, Format Version 12.00
# Visual Studio 2012
Project("{FAE04EC0-301F-11D3-BF4B-00C04F79EFBC}") = "AsyncProgrammingUsingDelegate", "AsyncProgrammingUsingDelegate\AsyncProgrammingUsingDelegate.csproj", "{6F257A47-C596-432C-AF38-CF666FFEF1A4}"
EndProject
Project("{FAE04EC0-301F-11D3-BF4B-00C04F79EFBC}") = "APUsingDelegateCrossThreadCaller", "APUsingDelegateCrossThreadCaller\APUsingDelegateCrossThreadCaller.csproj", "{3CF2BF2E-B36C-4EC3-B95C-8C2EF8DBD1AA}"
EndProject
Global
	GlobalSection(SolutionConfigurationPlatforms) = preSolution
		Debug|Any CPU = Debug|Any CPU
		Release|Any CPU = Release|Any CPU
	EndGlobalSection
	GlobalSection(ProjectConfigurationPlatforms) = postSolution
		{6F257A47-C596-432C-AF38-CF666FFEF1A4}.Debug|Any CPU.ActiveCfg = Debug|Any CPU
		{6F257A47-C596-432C-AF38-CF666FFEF1A4}.Debug|Any CPU.Build.0 = Debug|Any CPU
		{6F257A47-C596-432C-AF38-CF666FFEF1A4}.Release|Any CPU.ActiveCfg = Release|Any CPU
		{6F257A47-C596-432C-AF38-CF666FFEF1A4}.Release|Any CPU.Build.0 = Release|Any CPU
		{3CF2BF2E-B36C-4EC3-B95C-8C2EF8DBD1AA}.Debug|Any CPU.ActiveCfg = Debug|Any CPU
		{3CF2BF2E-B36C-4EC3-B95C-8C2EF8DBD1AA}.Debug|Any CPU.Build.0 = Debug|Any CPU
		{3CF2BF2E-B36C-4EC3-B95C-8C2EF8DBD1AA}.Release|Any CPU.ActiveCfg = Release|Any CPU
		{3CF2BF2E-B36C-4EC3-B95C-8C2EF8DBD1AA}.Release|Any CPU.Build.0 = Release|Any CPU
	EndGlobalSection
	GlobalSection(SolutionProperties) = preSolution
		HideSolutionNode = FALSE
	EndGlobalSection
EndGlobal
